
Microsoft Visual Studio Solution File, Format Version 12.00
# Visual Studio Version 17
VisualStudioVersion = 17.13.35806.99
MinimumVisualStudioVersion = 10.0.40219.1
Project("{FAE04EC0-301F-11D3-BF4B-00C04F79EFBC}") = "BlazorServer", "BlazorServer\BlazorServer.csproj", "{3ED6F484-EC40-4F78-87F8-D8ABC33AB462}"
EndProject
Project("{FAE04EC0-301F-11D3-BF4B-00C04F79EFBC}") = "BlazorShared", "BlazorShared\BlazorShared.csproj", "{35F30BDB-D5E0-4702-AC4C-9EA8A8A23387}"
EndProject
Project("{FAE04EC0-301F-11D3-BF4B-00C04F79EFBC}") = "BlazorClient", "BlazorClient\BlazorClient.csproj", "{1CE180D7-554D-4EE3-80D6-3D9F2D2CE1F1}"
EndProject
Global
	GlobalSection(SolutionConfigurationPlatforms) = preSolution
		Debug|Any CPU = Debug|Any CPU
		Release|Any CPU = Release|Any CPU
	EndGlobalSection
	GlobalSection(ProjectConfigurationPlatforms) = postSolution
		{3ED6F484-EC40-4F78-87F8-D8ABC33AB462}.Debug|Any CPU.ActiveCfg = Debug|Any CPU
		{3ED6F484-EC40-4F78-87F8-D8ABC33AB462}.Debug|Any CPU.Build.0 = Debug|Any CPU
		{3ED6F484-EC40-4F78-87F8-D8ABC33AB462}.Release|Any CPU.ActiveCfg = Release|Any CPU
		{3ED6F484-EC40-4F78-87F8-D8ABC33AB462}.Release|Any CPU.Build.0 = Release|Any CPU
		{35F30BDB-D5E0-4702-AC4C-9EA8A8A23387}.Debug|Any CPU.ActiveCfg = Debug|Any CPU
		{35F30BDB-D5E0-4702-AC4C-9EA8A8A23387}.Debug|Any CPU.Build.0 = Debug|Any CPU
		{35F30BDB-D5E0-4702-AC4C-9EA8A8A23387}.Release|Any CPU.ActiveCfg = Release|Any CPU
		{35F30BDB-D5E0-4702-AC4C-9EA8A8A23387}.Release|Any CPU.Build.0 = Release|Any CPU
		{1CE180D7-554D-4EE3-80D6-3D9F2D2CE1F1}.Debug|Any CPU.ActiveCfg = Debug|Any CPU
		{1CE180D7-554D-4EE3-80D6-3D9F2D2CE1F1}.Debug|Any CPU.Build.0 = Debug|Any CPU
		{1CE180D7-554D-4EE3-80D6-3D9F2D2CE1F1}.Release|Any CPU.ActiveCfg = Release|Any CPU
		{1CE180D7-554D-4EE3-80D6-3D9F2D2CE1F1}.Release|Any CPU.Build.0 = Release|Any CPU
	EndGlobalSection
	GlobalSection(SolutionProperties) = preSolution
		HideSolutionNode = FALSE
	EndGlobalSection
	GlobalSection(ExtensibilityGlobals) = postSolution
		SolutionGuid = {0F980C86-7C56-4F57-84BB-0144C98D8287}
	EndGlobalSection
EndGlobal
